
Microsoft Visual Studio Solution File, Format Version 12.00
# Visual Studio Version 16
VisualStudioVersion = 16.0.29215.179
MinimumVisualStudioVersion = 10.0.40219.1
Project("{FAE04EC0-301F-11D3-BF4B-00C04F79EFBC}") = "Airline-Reservation-System", "Airline-Reservation-System\Airline-Reservation-System.csproj", "{55B2834D-243D-4CAE-8C2D-ACE40E3D4F0F}"
EndProject
Global
	GlobalSection(SolutionConfigurationPlatforms) = preSolution
		Debug|Any CPU = Debug|Any CPU
		Release|Any CPU = Release|Any CPU
	EndGlobalSection
	GlobalSection(ProjectConfigurationPlatforms) = postSolution
		{55B2834D-243D-4CAE-8C2D-ACE40E3D4F0F}.Debug|Any CPU.ActiveCfg = Debug|Any CPU
		{55B2834D-243D-4CAE-8C2D-ACE40E3D4F0F}.Debug|Any CPU.Build.0 = Debug|Any CPU
		{55B2834D-243D-4CAE-8C2D-ACE40E3D4F0F}.Release|Any CPU.ActiveCfg = Release|Any CPU
		{55B2834D-243D-4CAE-8C2D-ACE40E3D4F0F}.Release|Any CPU.Build.0 = Release|Any CPU
	EndGlobalSection
	GlobalSection(SolutionProperties) = preSolution
		HideSolutionNode = FALSE
	EndGlobalSection
	GlobalSection(ExtensibilityGlobals) = postSolution
		SolutionGuid = {59FB6B9E-70AB-436A-AF11-E29902F3F58D}
	EndGlobalSection
EndGlobal
